
Microsoft Visual Studio Solution File, Format Version 12.00
# Visual Studio 15
VisualStudioVersion = 15.0.28307.421
MinimumVisualStudioVersion = 10.0.40219.1
Project("{FAE04EC0-301F-11D3-BF4B-00C04F79EFBC}") = "latihan member", "latihan member\latihan member.csproj", "{F4E0DCAC-002B-4A25-A4EC-1AAA37B8AF54}"
EndProject
Global
	GlobalSection(SolutionConfigurationPlatforms) = preSolution
		Debug|Any CPU = Debug|Any CPU
		Release|Any CPU = Release|Any CPU
	EndGlobalSection
	GlobalSection(ProjectConfigurationPlatforms) = postSolution
		{F4E0DCAC-002B-4A25-A4EC-1AAA37B8AF54}.Debug|Any CPU.ActiveCfg = Debug|Any CPU
		{F4E0DCAC-002B-4A25-A4EC-1AAA37B8AF54}.Debug|Any CPU.Build.0 = Debug|Any CPU
		{F4E0DCAC-002B-4A25-A4EC-1AAA37B8AF54}.Release|Any CPU.ActiveCfg = Release|Any CPU
		{F4E0DCAC-002B-4A25-A4EC-1AAA37B8AF54}.Release|Any CPU.Build.0 = Release|Any CPU
	EndGlobalSection
	GlobalSection(SolutionProperties) = preSolution
		HideSolutionNode = FALSE
	EndGlobalSection
	GlobalSection(ExtensibilityGlobals) = postSolution
		SolutionGuid = {E58843A1-3117-45EE-B594-C59C3A800600}
	EndGlobalSection
EndGlobal
